
Microsoft Visual Studio Solution File, Format Version 12.00
# Visual Studio Version 17
VisualStudioVersion = 17.10.35004.147
MinimumVisualStudioVersion = 10.0.40219.1
Project("{FAE04EC0-301F-11D3-BF4B-00C04F79EFBC}") = "PCCleaner", "PCCleaner\PCCleaner.csproj", "{4BFAAF13-CBD2-445D-BC27-43E797738906}"
EndProject
Global
	GlobalSection(SolutionConfigurationPlatforms) = preSolution
		Debug|Any CPU = Debug|Any CPU
		Release|Any CPU = Release|Any CPU
	EndGlobalSection
	GlobalSection(ProjectConfigurationPlatforms) = postSolution
		{4BFAAF13-CBD2-445D-BC27-43E797738906}.Debug|Any CPU.ActiveCfg = Debug|Any CPU
		{4BFAAF13-CBD2-445D-BC27-43E797738906}.Debug|Any CPU.Build.0 = Debug|Any CPU
		{4BFAAF13-CBD2-445D-BC27-43E797738906}.Release|Any CPU.ActiveCfg = Release|Any CPU
		{4BFAAF13-CBD2-445D-BC27-43E797738906}.Release|Any CPU.Build.0 = Release|Any CPU
	EndGlobalSection
	GlobalSection(SolutionProperties) = preSolution
		HideSolutionNode = FALSE
	EndGlobalSection
	GlobalSection(ExtensibilityGlobals) = postSolution
		SolutionGuid = {DA005A00-9604-45CC-B2F6-9DD4878332AA}
	EndGlobalSection
EndGlobal
